
Microsoft Visual Studio Solution File, Format Version 12.00
# Visual Studio 15
VisualStudioVersion = 15.0.28307.572
MinimumVisualStudioVersion = 10.0.40219.1
Project("{FAE04EC0-301F-11D3-BF4B-00C04F79EFBC}") = "Sudoku", "Sudoku\Sudoku.csproj", "{61074518-8A07-47A1-91B7-D04E1DFF0190}"
EndProject
Project("{FAE04EC0-301F-11D3-BF4B-00C04F79EFBC}") = "SudokuDebug", "SudokuDebug\SudokuDebug.csproj", "{AF7B27F3-64EE-4843-ADFD-F9EEA7260671}"
EndProject
Global
	GlobalSection(SolutionConfigurationPlatforms) = preSolution
		Debug|Any CPU = Debug|Any CPU
		Release|Any CPU = Release|Any CPU
	EndGlobalSection
	GlobalSection(ProjectConfigurationPlatforms) = postSolution
		{61074518-8A07-47A1-91B7-D04E1DFF0190}.Debug|Any CPU.ActiveCfg = Debug|Any CPU
		{61074518-8A07-47A1-91B7-D04E1DFF0190}.Debug|Any CPU.Build.0 = Debug|Any CPU
		{61074518-8A07-47A1-91B7-D04E1DFF0190}.Release|Any CPU.ActiveCfg = Release|Any CPU
		{61074518-8A07-47A1-91B7-D04E1DFF0190}.Release|Any CPU.Build.0 = Release|Any CPU
		{AF7B27F3-64EE-4843-ADFD-F9EEA7260671}.Debug|Any CPU.ActiveCfg = Debug|Any CPU
		{AF7B27F3-64EE-4843-ADFD-F9EEA7260671}.Debug|Any CPU.Build.0 = Debug|Any CPU
		{AF7B27F3-64EE-4843-ADFD-F9EEA7260671}.Release|Any CPU.ActiveCfg = Release|Any CPU
		{AF7B27F3-64EE-4843-ADFD-F9EEA7260671}.Release|Any CPU.Build.0 = Release|Any CPU
	EndGlobalSection
	GlobalSection(SolutionProperties) = preSolution
		HideSolutionNode = FALSE
	EndGlobalSection
	GlobalSection(ExtensibilityGlobals) = postSolution
		SolutionGuid = {FF02DA1D-29DD-481C-BEDD-5CA04C36BAC5}
	EndGlobalSection
EndGlobal
