
Microsoft Visual Studio Solution File, Format Version 12.00
# Visual Studio 15
VisualStudioVersion = 15.0.28307.572
MinimumVisualStudioVersion = 10.0.40219.1
Project("{FAE04EC0-301F-11D3-BF4B-00C04F79EFBC}") = "Sudoku", "Sudoku\Sudoku.csproj", "{61074518-8A07-47A1-91B7-D04E1DFF0190}"
EndProject
Project("{FAE04EC0-301F-11D3-BF4B-00C04F79EFBC}") = "SudokuDebug", "SudokuDebug\SudokuDebug.csproj", "{AF7B27F3-64EE-4843-ADFD-F9EEA7260671}"
EndProject
Project("{FAE04EC0-301F-11D3-BF4B-00C04F79EFBC}") = "LangCSharp", "LangCSharp\LangCSharp.csproj", "{3646489B-D4D1-4EB4-8AE6-B979EE55878A}"
EndProject
Project("{FAE04EC0-301F-11D3-BF4B-00C04F79EFBC}") = "SudokuObj", "SudokuObj\SudokuObj.csproj", "{62E1B70D-513B-4502-B633-47FC234F57D8}"
EndProject
Project("{FAE04EC0-301F-11D3-BF4B-00C04F79EFBC}") = "SudokuObjDebug", "SudokuObjDebug\SudokuObjDebug.csproj", "{7B4BBB63-4B69-42B1-80B7-3125418D29FA}"
EndProject
Project("{FAE04EC0-301F-11D3-BF4B-00C04F79EFBC}") = "GenerateSudokuBoards", "GenerateSudokuBoards\GenerateSudokuBoards.csproj", "{35A1C4E4-2931-43F3-B893-94D891CB7EC1}"
EndProject
Project("{FAE04EC0-301F-11D3-BF4B-00C04F79EFBC}") = "CreateSudokuBoards", "CreateSudokuBoards\CreateSudokuBoards.csproj", "{90B60C4A-C243-4195-8361-A4F6DD9A35DC}"
EndProject
Project("{FAE04EC0-301F-11D3-BF4B-00C04F79EFBC}") = "SudokuSolve", "SudokuSolve\SudokuSolve.csproj", "{D3FB2DEA-61D5-4E27-9088-8A8F28F031A8}"
EndProject
Project("{FAE04EC0-301F-11D3-BF4B-00C04F79EFBC}") = "CheckSolveResult", "CheckSolveResult\CheckSolveResult.csproj", "{D3B8E0BF-D354-46C7-9122-E6AB0DFF68AF}"
EndProject
Project("{FAE04EC0-301F-11D3-BF4B-00C04F79EFBC}") = "GetSolveStat", "GetSolveStat\GetSolveStat.csproj", "{F1029513-FD52-4DB9-8F4F-ED13E906238D}"
EndProject
Project("{FAE04EC0-301F-11D3-BF4B-00C04F79EFBC}") = "SudokuObjSolve", "SudokuObjSolve\SudokuObjSolve.csproj", "{7127E72B-2A5A-4F40-BDC2-B3DC8C90BD8B}"
EndProject
Project("{FAE04EC0-301F-11D3-BF4B-00C04F79EFBC}") = "SudokuesToSolve", "SudokuesToSolve\SudokuesToSolve.csproj", "{1AACBAFF-9036-4D80-9DAE-BE7EAEF4A382}"
EndProject
Global
	GlobalSection(SolutionConfigurationPlatforms) = preSolution
		Debug|Any CPU = Debug|Any CPU
		Release|Any CPU = Release|Any CPU
	EndGlobalSection
	GlobalSection(ProjectConfigurationPlatforms) = postSolution
		{61074518-8A07-47A1-91B7-D04E1DFF0190}.Debug|Any CPU.ActiveCfg = Debug|Any CPU
		{61074518-8A07-47A1-91B7-D04E1DFF0190}.Debug|Any CPU.Build.0 = Debug|Any CPU
		{61074518-8A07-47A1-91B7-D04E1DFF0190}.Release|Any CPU.ActiveCfg = Release|Any CPU
		{61074518-8A07-47A1-91B7-D04E1DFF0190}.Release|Any CPU.Build.0 = Release|Any CPU
		{AF7B27F3-64EE-4843-ADFD-F9EEA7260671}.Debug|Any CPU.ActiveCfg = Debug|Any CPU
		{AF7B27F3-64EE-4843-ADFD-F9EEA7260671}.Debug|Any CPU.Build.0 = Debug|Any CPU
		{AF7B27F3-64EE-4843-ADFD-F9EEA7260671}.Release|Any CPU.ActiveCfg = Release|Any CPU
		{AF7B27F3-64EE-4843-ADFD-F9EEA7260671}.Release|Any CPU.Build.0 = Release|Any CPU
		{3646489B-D4D1-4EB4-8AE6-B979EE55878A}.Debug|Any CPU.ActiveCfg = Debug|Any CPU
		{3646489B-D4D1-4EB4-8AE6-B979EE55878A}.Debug|Any CPU.Build.0 = Debug|Any CPU
		{3646489B-D4D1-4EB4-8AE6-B979EE55878A}.Release|Any CPU.ActiveCfg = Release|Any CPU
		{3646489B-D4D1-4EB4-8AE6-B979EE55878A}.Release|Any CPU.Build.0 = Release|Any CPU
		{62E1B70D-513B-4502-B633-47FC234F57D8}.Debug|Any CPU.ActiveCfg = Debug|Any CPU
		{62E1B70D-513B-4502-B633-47FC234F57D8}.Debug|Any CPU.Build.0 = Debug|Any CPU
		{62E1B70D-513B-4502-B633-47FC234F57D8}.Release|Any CPU.ActiveCfg = Release|Any CPU
		{62E1B70D-513B-4502-B633-47FC234F57D8}.Release|Any CPU.Build.0 = Release|Any CPU
		{7B4BBB63-4B69-42B1-80B7-3125418D29FA}.Debug|Any CPU.ActiveCfg = Debug|Any CPU
		{7B4BBB63-4B69-42B1-80B7-3125418D29FA}.Debug|Any CPU.Build.0 = Debug|Any CPU
		{7B4BBB63-4B69-42B1-80B7-3125418D29FA}.Release|Any CPU.ActiveCfg = Release|Any CPU
		{7B4BBB63-4B69-42B1-80B7-3125418D29FA}.Release|Any CPU.Build.0 = Release|Any CPU
		{35A1C4E4-2931-43F3-B893-94D891CB7EC1}.Debug|Any CPU.ActiveCfg = Debug|Any CPU
		{35A1C4E4-2931-43F3-B893-94D891CB7EC1}.Debug|Any CPU.Build.0 = Debug|Any CPU
		{35A1C4E4-2931-43F3-B893-94D891CB7EC1}.Release|Any CPU.ActiveCfg = Release|Any CPU
		{35A1C4E4-2931-43F3-B893-94D891CB7EC1}.Release|Any CPU.Build.0 = Release|Any CPU
		{90B60C4A-C243-4195-8361-A4F6DD9A35DC}.Debug|Any CPU.ActiveCfg = Debug|Any CPU
		{90B60C4A-C243-4195-8361-A4F6DD9A35DC}.Debug|Any CPU.Build.0 = Debug|Any CPU
		{90B60C4A-C243-4195-8361-A4F6DD9A35DC}.Release|Any CPU.ActiveCfg = Release|Any CPU
		{90B60C4A-C243-4195-8361-A4F6DD9A35DC}.Release|Any CPU.Build.0 = Release|Any CPU
		{D3FB2DEA-61D5-4E27-9088-8A8F28F031A8}.Debug|Any CPU.ActiveCfg = Debug|Any CPU
		{D3FB2DEA-61D5-4E27-9088-8A8F28F031A8}.Debug|Any CPU.Build.0 = Debug|Any CPU
		{D3FB2DEA-61D5-4E27-9088-8A8F28F031A8}.Release|Any CPU.ActiveCfg = Release|Any CPU
		{D3FB2DEA-61D5-4E27-9088-8A8F28F031A8}.Release|Any CPU.Build.0 = Release|Any CPU
		{D3B8E0BF-D354-46C7-9122-E6AB0DFF68AF}.Debug|Any CPU.ActiveCfg = Debug|Any CPU
		{D3B8E0BF-D354-46C7-9122-E6AB0DFF68AF}.Debug|Any CPU.Build.0 = Debug|Any CPU
		{D3B8E0BF-D354-46C7-9122-E6AB0DFF68AF}.Release|Any CPU.ActiveCfg = Release|Any CPU
		{D3B8E0BF-D354-46C7-9122-E6AB0DFF68AF}.Release|Any CPU.Build.0 = Release|Any CPU
		{F1029513-FD52-4DB9-8F4F-ED13E906238D}.Debug|Any CPU.ActiveCfg = Debug|Any CPU
		{F1029513-FD52-4DB9-8F4F-ED13E906238D}.Debug|Any CPU.Build.0 = Debug|Any CPU
		{F1029513-FD52-4DB9-8F4F-ED13E906238D}.Release|Any CPU.ActiveCfg = Release|Any CPU
		{F1029513-FD52-4DB9-8F4F-ED13E906238D}.Release|Any CPU.Build.0 = Release|Any CPU
		{7127E72B-2A5A-4F40-BDC2-B3DC8C90BD8B}.Debug|Any CPU.ActiveCfg = Debug|Any CPU
		{7127E72B-2A5A-4F40-BDC2-B3DC8C90BD8B}.Debug|Any CPU.Build.0 = Debug|Any CPU
		{7127E72B-2A5A-4F40-BDC2-B3DC8C90BD8B}.Release|Any CPU.ActiveCfg = Release|Any CPU
		{7127E72B-2A5A-4F40-BDC2-B3DC8C90BD8B}.Release|Any CPU.Build.0 = Release|Any CPU
		{1AACBAFF-9036-4D80-9DAE-BE7EAEF4A382}.Debug|Any CPU.ActiveCfg = Debug|Any CPU
		{1AACBAFF-9036-4D80-9DAE-BE7EAEF4A382}.Debug|Any CPU.Build.0 = Debug|Any CPU
		{1AACBAFF-9036-4D80-9DAE-BE7EAEF4A382}.Release|Any CPU.ActiveCfg = Release|Any CPU
		{1AACBAFF-9036-4D80-9DAE-BE7EAEF4A382}.Release|Any CPU.Build.0 = Release|Any CPU
	EndGlobalSection
	GlobalSection(SolutionProperties) = preSolution
		HideSolutionNode = FALSE
	EndGlobalSection
	GlobalSection(ExtensibilityGlobals) = postSolution
		SolutionGuid = {FF02DA1D-29DD-481C-BEDD-5CA04C36BAC5}
	EndGlobalSection
EndGlobal
